// !$*UTF8*$!
{
	archiveVersion = 1;
	classes = {
	};
	objectVersion = 46;
	objects = {

/* Begin PBXBuildFile section */
		7C0130501ECF2EEB00F08475 /* PokeCell.swift in Sources */ = {isa = PBXBuildFile; fileRef = 7C01304F1ECF2EEB00F08475 /* PokeCell.swift */; };
		7C0130521ED0007A00F08475 /* csv.swift in Sources */ = {isa = PBXBuildFile; fileRef = 7C0130511ED0007A00F08475 /* csv.swift */; };
		7C0130541ED0042100F08475 /* pokemon.ttf in Resources */ = {isa = PBXBuildFile; fileRef = 7C0130531ED0042100F08475 /* pokemon.ttf */; };
		7C0130591ED005D200F08475 /* music.png in Resources */ = {isa = PBXBuildFile; fileRef = 7C0130581ED005D200F08475 /* music.png */; };
		7C01305B1ED005DA00F08475 /* music.mp3 in Resources */ = {isa = PBXBuildFile; fileRef = 7C01305A1ED005DA00F08475 /* music.mp3 */; };
		7CA07F4D1ED34E390076C8C4 /* PokemonDetailVC.swift in Sources */ = {isa = PBXBuildFile; fileRef = 7CA07F4C1ED34E390076C8C4 /* PokemonDetailVC.swift */; };
		7CB74CD91EC83776006B84CD /* AppDelegate.swift in Sources */ = {isa = PBXBuildFile; fileRef = 7CB74CD81EC83776006B84CD /* AppDelegate.swift */; };
		7CB74CDB1EC83776006B84CD /* ViewController.swift in Sources */ = {isa = PBXBuildFile; fileRef = 7CB74CDA1EC83776006B84CD /* ViewController.swift */; };
		7CB74CDE1EC83776006B84CD /* Main.storyboard in Resources */ = {isa = PBXBuildFile; fileRef = 7CB74CDC1EC83776006B84CD /* Main.storyboard */; };
		7CB74CE11EC83776006B84CD /* Pokedex.xcdatamodeld in Sources */ = {isa = PBXBuildFile; fileRef = 7CB74CDF1EC83776006B84CD /* Pokedex.xcdatamodeld */; };
		7CB74CE31EC83776006B84CD /* Assets.xcassets in Resources */ = {isa = PBXBuildFile; fileRef = 7CB74CE21EC83776006B84CD /* Assets.xcassets */; };
		7CB74CE61EC83776006B84CD /* LaunchScreen.storyboard in Resources */ = {isa = PBXBuildFile; fileRef = 7CB74CE41EC83776006B84CD /* LaunchScreen.storyboard */; };
		7CB74CEE1EC83AF0006B84CD /* pokemon.csv in Resources */ = {isa = PBXBuildFile; fileRef = 7CB74CED1EC83AF0006B84CD /* pokemon.csv */; };
		7CB74CF11EC83BB0006B84CD /* Pokemon.swift in Sources */ = {isa = PBXBuildFile; fileRef = 7CB74CF01EC83BB0006B84CD /* Pokemon.swift */; };
/* End PBXBuildFile section */

/* Begin PBXFileReference section */
		7C01304F1ECF2EEB00F08475 /* PokeCell.swift */ = {isa = PBXFileReference; fileEncoding = 4; lastKnownFileType = sourcecode.swift; path = PokeCell.swift; sourceTree = "<group>"; };
		7C0130511ED0007A00F08475 /* csv.swift */ = {isa = PBXFileReference; fileEncoding = 4; lastKnownFileType = sourcecode.swift; path = csv.swift; sourceTree = "<group>"; };
		7C0130531ED0042100F08475 /* pokemon.ttf */ = {isa = PBXFileReference; lastKnownFileType = file; path = pokemon.ttf; sourceTree = "<group>"; };
		7C0130581ED005D200F08475 /* music.png */ = {isa = PBXFileReference; lastKnownFileType = image.png; path = music.png; sourceTree = "<group>"; };
		7C01305A1ED005DA00F08475 /* music.mp3 */ = {isa = PBXFileReference; lastKnownFileType = audio.mp3; path = music.mp3; sourceTree = "<group>"; };
		7CA07F4C1ED34E390076C8C4 /* PokemonDetailVC.swift */ = {isa = PBXFileReference; fileEncoding = 4; lastKnownFileType = sourcecode.swift; path = PokemonDetailVC.swift; sourceTree = "<group>"; };
		7CB74CD51EC83776006B84CD /* Pokedex.app */ = {isa = PBXFileReference; explicitFileType = wrapper.application; includeInIndex = 0; path = Pokedex.app; sourceTree = BUILT_PRODUCTS_DIR; };
		7CB74CD81EC83776006B84CD /* AppDelegate.swift */ = {isa = PBXFileReference; lastKnownFileType = sourcecode.swift; path = AppDelegate.swift; sourceTree = "<group>"; };
		7CB74CDA1EC83776006B84CD /* ViewController.swift */ = {isa = PBXFileReference; lastKnownFileType = sourcecode.swift; path = ViewController.swift; sourceTree = "<group>"; };
		7CB74CDD1EC83776006B84CD /* Base */ = {isa = PBXFileReference; lastKnownFileType = file.storyboard; name = Base; path = Base.lproj/Main.storyboard; sourceTree = "<group>"; };
		7CB74CE01EC83776006B84CD /* Pokedex.xcdatamodel */ = {isa = PBXFileReference; lastKnownFileType = wrapper.xcdatamodel; path = Pokedex.xcdatamodel; sourceTree = "<group>"; };
		7CB74CE21EC83776006B84CD /* Assets.xcassets */ = {isa = PBXFileReference; lastKnownFileType = folder.assetcatalog; path = Assets.xcassets; sourceTree = "<group>"; };
		7CB74CE51EC83776006B84CD /* Base */ = {isa = PBXFileReference; lastKnownFileType = file.storyboard; name = Base; path = Base.lproj/LaunchScreen.storyboard; sourceTree = "<group>"; };
		7CB74CE71EC83776006B84CD /* Info.plist */ = {isa = PBXFileReference; lastKnownFileType = text.plist.xml; path = Info.plist; sourceTree = "<group>"; };
		7CB74CED1EC83AF0006B84CD /* pokemon.csv */ = {isa = PBXFileReference; fileEncoding = 4; lastKnownFileType = text; path = pokemon.csv; sourceTree = "<group>"; };
		7CB74CF01EC83BB0006B84CD /* Pokemon.swift */ = {isa = PBXFileReference; fileEncoding = 4; lastKnownFileType = sourcecode.swift; path = Pokemon.swift; sourceTree = "<group>"; };
/* End PBXFileReference section */

/* Begin PBXFrameworksBuildPhase section */
		7CB74CD21EC83776006B84CD /* Frameworks */ = {
			isa = PBXFrameworksBuildPhase;
			buildActionMask = 2147483647;
			files = (
			);
			runOnlyForDeploymentPostprocessing = 0;
		};
/* End PBXFrameworksBuildPhase section */

/* Begin PBXGroup section */
		7C01304E1ECF2EAE00F08475 /* View */ = {
			isa = PBXGroup;
			children = (
				7C01304F1ECF2EEB00F08475 /* PokeCell.swift */,
			);
			name = View;
			sourceTree = "<group>";
		};
		7C0130551ED0043B00F08475 /* Controller */ = {
			isa = PBXGroup;
			children = (
				7CB74CDA1EC83776006B84CD /* ViewController.swift */,
				7CA07F4C1ED34E390076C8C4 /* PokemonDetailVC.swift */,
			);
			name = Controller;
			sourceTree = "<group>";
		};
		7C0130561ED0045700F08475 /* Resources */ = {
			isa = PBXGroup;
			children = (
				7C01305A1ED005DA00F08475 /* music.mp3 */,
				7C0130581ED005D200F08475 /* music.png */,
				7C0130531ED0042100F08475 /* pokemon.ttf */,
				7CB74CED1EC83AF0006B84CD /* pokemon.csv */,
			);
			name = Resources;
			sourceTree = "<group>";
		};
		7C0130571ED0048500F08475 /* Util */ = {
			isa = PBXGroup;
			children = (
				7C0130511ED0007A00F08475 /* csv.swift */,
			);
			name = Util;
			sourceTree = "<group>";
		};
		7CB74CCC1EC83776006B84CD = {
			isa = PBXGroup;
			children = (
				7CB74CD71EC83776006B84CD /* Pokedex */,
				7CB74CD61EC83776006B84CD /* Products */,
			);
			sourceTree = "<group>";
		};
		7CB74CD61EC83776006B84CD /* Products */ = {
			isa = PBXGroup;
			children = (
				7CB74CD51EC83776006B84CD /* Pokedex.app */,
			);
			name = Products;
			sourceTree = "<group>";
		};
		7CB74CD71EC83776006B84CD /* Pokedex */ = {
			isa = PBXGroup;
			children = (
				7C0130551ED0043B00F08475 /* Controller */,
				7C01304E1ECF2EAE00F08475 /* View */,
				7CB74CEF1EC83BA2006B84CD /* Model */,
				7CB74CD81EC83776006B84CD /* AppDelegate.swift */,
				7C0130561ED0045700F08475 /* Resources */,
				7CB74CDC1EC83776006B84CD /* Main.storyboard */,
				7C0130571ED0048500F08475 /* Util */,
				7CB74CE21EC83776006B84CD /* Assets.xcassets */,
				7CB74CE41EC83776006B84CD /* LaunchScreen.storyboard */,
				7CB74CE71EC83776006B84CD /* Info.plist */,
				7CB74CDF1EC83776006B84CD /* Pokedex.xcdatamodeld */,
			);
			path = Pokedex;
			sourceTree = "<group>";
		};
		7CB74CEF1EC83BA2006B84CD /* Model */ = {
			isa = PBXGroup;
			children = (
				7CB74CF01EC83BB0006B84CD /* Pokemon.swift */,
			);
			name = Model;
			sourceTree = "<group>";
		};
/* End PBXGroup section */

/* Begin PBXNativeTarget section */
		7CB74CD41EC83776006B84CD /* Pokedex */ = {
			isa = PBXNativeTarget;
			buildConfigurationList = 7CB74CEA1EC83776006B84CD /* Build configuration list for PBXNativeTarget "Pokedex" */;
			buildPhases = (
				7CB74CD11EC83776006B84CD /* Sources */,
				7CB74CD21EC83776006B84CD /* Frameworks */,
				7CB74CD31EC83776006B84CD /* Resources */,
			);
			buildRules = (
			);
			dependencies = (
			);
			name = Pokedex;
			productName = Pokedex;
			productReference = 7CB74CD51EC83776006B84CD /* Pokedex.app */;
			productType = "com.apple.product-type.application";
		};
/* End PBXNativeTarget section */

/* Begin PBXProject section */
		7CB74CCD1EC83776006B84CD /* Project object */ = {
			isa = PBXProject;
			attributes = {
				LastSwiftUpdateCheck = 0830;
				LastUpgradeCheck = 0830;
				ORGANIZATIONNAME = Yellowsoft;
				TargetAttributes = {
					7CB74CD41EC83776006B84CD = {
						CreatedOnToolsVersion = 8.3.2;
						ProvisioningStyle = Automatic;
					};
				};
			};
			buildConfigurationList = 7CB74CD01EC83776006B84CD /* Build configuration list for PBXProject "Pokedex" */;
			compatibilityVersion = "Xcode 3.2";
			developmentRegion = English;
			hasScannedForEncodings = 0;
			knownRegions = (
				en,
				Base,
			);
			mainGroup = 7CB74CCC1EC83776006B84CD;
			productRefGroup = 7CB74CD61EC83776006B84CD /* Products */;
			projectDirPath = "";
			projectRoot = "";
			targets = (
				7CB74CD41EC83776006B84CD /* Pokedex */,
			);
		};
/* End PBXProject section */

/* Begin PBXResourcesBuildPhase section */
		7CB74CD31EC83776006B84CD /* Resources */ = {
			isa = PBXResourcesBuildPhase;
			buildActionMask = 2147483647;
			files = (
				7C0130541ED0042100F08475 /* pokemon.ttf in Resources */,
				7CB74CE61EC83776006B84CD /* LaunchScreen.storyboard in Resources */,
				7CB74CE31EC83776006B84CD /* Assets.xcassets in Resources */,
				7CB74CEE1EC83AF0006B84CD /* pokemon.csv in Resources */,
				7CB74CDE1EC83776006B84CD /* Main.storyboard in Resources */,
				7C01305B1ED005DA00F08475 /* music.mp3 in Resources */,
				7C0130591ED005D200F08475 /* music.png in Resources */,
			);
			runOnlyForDeploymentPostprocessing = 0;
		};
/* End PBXResourcesBuildPhase section */

/* Begin PBXSourcesBuildPhase section */
		7CB74CD11EC83776006B84CD /* Sources */ = {
			isa = PBXSourcesBuildPhase;
			buildActionMask = 2147483647;
			files = (
				7C0130521ED0007A00F08475 /* csv.swift in Sources */,
				7CB74CDB1EC83776006B84CD /* ViewController.swift in Sources */,
				7CB74CF11EC83BB0006B84CD /* Pokemon.swift in Sources */,
				7CB74CE11EC83776006B84CD /* Pokedex.xcdatamodeld in Sources */,
				7CA07F4D1ED34E390076C8C4 /* PokemonDetailVC.swift in Sources */,
				7CB74CD91EC83776006B84CD /* AppDelegate.swift in Sources */,
				7C0130501ECF2EEB00F08475 /* PokeCell.swift in Sources */,
			);
			runOnlyForDeploymentPostprocessing = 0;
		};
/* End PBXSourcesBuildPhase section */

/* Begin PBXVariantGroup section */
		7CB74CDC1EC83776006B84CD /* Main.storyboard */ = {
			isa = PBXVariantGroup;
			children = (
				7CB74CDD1EC83776006B84CD /* Base */,
			);
			name = Main.storyboard;
			sourceTree = "<group>";
		};
		7CB74CE41EC83776006B84CD /* LaunchScreen.storyboard */ = {
			isa = PBXVariantGroup;
			children = (
				7CB74CE51EC83776006B84CD /* Base */,
			);
			name = LaunchScreen.storyboard;
			sourceTree = "<group>";
		};
/* End PBXVariantGroup section */

/* Begin XCBuildConfiguration section */
		7CB74CE81EC83776006B84CD /* Debug */ = {
			isa = XCBuildConfiguration;
			buildSettings = {
				ALWAYS_SEARCH_USER_PATHS = NO;
				CLANG_ANALYZER_NONNULL = YES;
				CLANG_ANALYZER_NUMBER_OBJECT_CONVERSION = YES_AGGRESSIVE;
				CLANG_CXX_LANGUAGE_STANDARD = "gnu++0x";
				CLANG_CXX_LIBRARY = "libc++";
				CLANG_ENABLE_MODULES = YES;
				CLANG_ENABLE_OBJC_ARC = YES;
				CLANG_WARN_BOOL_CONVERSION = YES;
				CLANG_WARN_CONSTANT_CONVERSION = YES;
				CLANG_WARN_DIRECT_OBJC_ISA_USAGE = YES_ERROR;
				CLANG_WARN_DOCUMENTATION_COMMENTS = YES;
				CLANG_WARN_EMPTY_BODY = YES;
				CLANG_WARN_ENUM_CONVERSION = YES;
				CLANG_WARN_INFINITE_RECURSION = YES;
				CLANG_WARN_INT_CONVERSION = YES;
				CLANG_WARN_OBJC_ROOT_CLASS = YES_ERROR;
				CLANG_WARN_SUSPICIOUS_MOVE = YES;
				CLANG_WARN_UNREACHABLE_CODE = YES;
				CLANG_WARN__DUPLICATE_METHOD_MATCH = YES;
				"CODE_SIGN_IDENTITY[sdk=iphoneos*]" = "iPhone Developer";
				COPY_PHASE_STRIP = NO;
				DEBUG_INFORMATION_FORMAT = dwarf;
				ENABLE_STRICT_OBJC_MSGSEND = YES;
				ENABLE_TESTABILITY = YES;
				GCC_C_LANGUAGE_STANDARD = gnu99;
				GCC_DYNAMIC_NO_PIC = NO;
				GCC_NO_COMMON_BLOCKS = YES;
				GCC_OPTIMIZATION_LEVEL = 0;
				GCC_PREPROCESSOR_DEFINITIONS = (
					"DEBUG=1",
					"$(inherited)",
				);
				GCC_WARN_64_TO_32_BIT_CONVERSION = YES;
				GCC_WARN_ABOUT_RETURN_TYPE = YES_ERROR;
				GCC_WARN_UNDECLARED_SELECTOR = YES;
				GCC_WARN_UNINITIALIZED_AUTOS = YES_AGGRESSIVE;
				GCC_WARN_UNUSED_FUNCTION = YES;
				GCC_WARN_UNUSED_VARIABLE = YES;
				IPHONEOS_DEPLOYMENT_TARGET = 10.3;
				MTL_ENABLE_DEBUG_INFO = YES;
				ONLY_ACTIVE_ARCH = YES;
				SDKROOT = iphoneos;
				SWIFT_ACTIVE_COMPILATION_CONDITIONS = DEBUG;
				SWIFT_OPTIMIZATION_LEVEL = "-Onone";
				TARGETED_DEVICE_FAMILY = "1,2";
			};
			name = Debug;
		};
		7CB74CE91EC83776006B84CD /* Release */ = {
			isa = XCBuildConfiguration;
			buildSettings = {
				ALWAYS_SEARCH_USER_PATHS = NO;
				CLANG_ANALYZER_NONNULL = YES;
				CLANG_ANALYZER_NUMBER_OBJECT_CONVERSION = YES_AGGRESSIVE;
				CLANG_CXX_LANGUAGE_STANDARD = "gnu++0x";
				CLANG_CXX_LIBRARY = "libc++";
				CLANG_ENABLE_MODULES = YES;
				CLANG_ENABLE_OBJC_ARC = YES;
				CLANG_WARN_BOOL_CONVERSION = YES;
				CLANG_WARN_CONSTANT_CONVERSION = YES;
				CLANG_WARN_DIRECT_OBJC_ISA_USAGE = YES_ERROR;
				CLANG_WARN_DOCUMENTATION_COMMENTS = YES;
				CLANG_WARN_EMPTY_BODY = YES;
				CLANG_WARN_ENUM_CONVERSION = YES;
				CLANG_WARN_INFINITE_RECURSION = YES;
				CLANG_WARN_INT_CONVERSION = YES;
				CLANG_WARN_OBJC_ROOT_CLASS = YES_ERROR;
				CLANG_WARN_SUSPICIOUS_MOVE = YES;
				CLANG_WARN_UNREACHABLE_CODE = YES;
				CLANG_WARN__DUPLICATE_METHOD_MATCH = YES;
				"CODE_SIGN_IDENTITY[sdk=iphoneos*]" = "iPhone Developer";
				COPY_PHASE_STRIP = NO;
				DEBUG_INFORMATION_FORMAT = "dwarf-with-dsym";
				ENABLE_NS_ASSERTIONS = NO;
				ENABLE_STRICT_OBJC_MSGSEND = YES;
				GCC_C_LANGUAGE_STANDARD = gnu99;
				GCC_NO_COMMON_BLOCKS = YES;
				GCC_WARN_64_TO_32_BIT_CONVERSION = YES;
				GCC_WARN_ABOUT_RETURN_TYPE = YES_ERROR;
				GCC_WARN_UNDECLARED_SELECTOR = YES;
				GCC_WARN_UNINITIALIZED_AUTOS = YES_AGGRESSIVE;
				GCC_WARN_UNUSED_FUNCTION = YES;
				GCC_WARN_UNUSED_VARIABLE = YES;
				IPHONEOS_DEPLOYMENT_TARGET = 10.3;
				MTL_ENABLE_DEBUG_INFO = NO;
				SDKROOT = iphoneos;
				SWIFT_OPTIMIZATION_LEVEL = "-Owholemodule";
				TARGETED_DEVICE_FAMILY = "1,2";
				VALIDATE_PRODUCT = YES;
			};
			name = Release;
		};
		7CB74CEB1EC83776006B84CD /* Debug */ = {
			isa = XCBuildConfiguration;
			buildSettings = {
				ASSETCATALOG_COMPILER_APPICON_NAME = AppIcon;
				INFOPLIST_FILE = Pokedex/Info.plist;
				LD_RUNPATH_SEARCH_PATHS = "$(inherited) @executable_path/Frameworks";
				PRODUCT_BUNDLE_IDENTIFIER = com.yellowsoft.subhankar.Pokedex;
				PRODUCT_NAME = "$(TARGET_NAME)";
				SWIFT_VERSION = 3.0;
			};
			name = Debug;
		};
		7CB74CEC1EC83776006B84CD /* Release */ = {
			isa = XCBuildConfiguration;
			buildSettings = {
				ASSETCATALOG_COMPILER_APPICON_NAME = AppIcon;
				INFOPLIST_FILE = Pokedex/Info.plist;
				LD_RUNPATH_SEARCH_PATHS = "$(inherited) @executable_path/Frameworks";
				PRODUCT_BUNDLE_IDENTIFIER = com.yellowsoft.subhankar.Pokedex;
				PRODUCT_NAME = "$(TARGET_NAME)";
				SWIFT_VERSION = 3.0;
			};
			name = Release;
		};
/* End XCBuildConfiguration section */

/* Begin XCConfigurationList section */
		7CB74CD01EC83776006B84CD /* Build configuration list for PBXProject "Pokedex" */ = {
			isa = XCConfigurationList;
			buildConfigurations = (
				7CB74CE81EC83776006B84CD /* Debug */,
				7CB74CE91EC83776006B84CD /* Release */,
			);
			defaultConfigurationIsVisible = 0;
			defaultConfigurationName = Release;
		};
		7CB74CEA1EC83776006B84CD /* Build configuration list for PBXNativeTarget "Pokedex" */ = {
			isa = XCConfigurationList;
			buildConfigurations = (
				7CB74CEB1EC83776006B84CD /* Debug */,
				7CB74CEC1EC83776006B84CD /* Release */,
			);
			defaultConfigurationIsVisible = 0;
			defaultConfigurationName = Release;
		};
/* End XCConfigurationList section */

/* Begin XCVersionGroup section */
		7CB74CDF1EC83776006B84CD /* Pokedex.xcdatamodeld */ = {
			isa = XCVersionGroup;
			children = (
				7CB74CE01EC83776006B84CD /* Pokedex.xcdatamodel */,
			);
			currentVersion = 7CB74CE01EC83776006B84CD /* Pokedex.xcdatamodel */;
			path = Pokedex.xcdatamodeld;
			sourceTree = "<group>";
			versionGroupType = wrapper.xcdatamodel;
		};
/* End XCVersionGroup section */
	};
	rootObject = 7CB74CCD1EC83776006B84CD /* Project object */;
}
